# This file is generated by running "yarn install" inside your project.
# Manual changes might be lost - proceed with caution!

__metadata:
  version: 8
  cacheKey: 10c0

"@popperjs/core@npm:^2.9.3":
  version: 2.11.8
  resolution: "@popperjs/core@npm:2.11.8"
  checksum: 10c0/4681e682abc006d25eb380d0cf3efc7557043f53b6aea7a5057d0d1e7df849a00e281cd8ea79c902a35a414d7919621fc2ba293ecec05f413598e0b23d5a1e63
  languageName: node
  linkType: hard

"@rollup/plugin-node-resolve@npm:^15.2.3":
  version: 15.3.1
  resolution: "@rollup/plugin-node-resolve@npm:15.3.1"
  dependencies:
    "@rollup/pluginutils": "npm:^5.0.1"
    "@types/resolve": "npm:1.20.2"
    deepmerge: "npm:^4.2.2"
    is-module: "npm:^1.0.0"
    resolve: "npm:^1.22.1"
  peerDependencies:
    rollup: ^2.78.0||^3.0.0||^4.0.0
  peerDependenciesMeta:
    rollup:
      optional: true
  checksum: 10c0/ecf3abe890fc98ad665fdbfb1ea245253e0d1f2bc6d9f4e8f496f212c76a2ce7cd4b9bc0abd21e6bcaa16f72d1c67cc6b322ea12a6ec68e8a8834df8242a5ecd
  languageName: node
  linkType: hard

"@rollup/pluginutils@npm:^5.0.1":
  version: 5.1.4
  resolution: "@rollup/pluginutils@npm:5.1.4"
  dependencies:
    "@types/estree": "npm:^1.0.0"
    estree-walker: "npm:^2.0.2"
    picomatch: "npm:^4.0.2"
  peerDependencies:
    rollup: ^1.20.0||^2.0.0||^3.0.0||^4.0.0
  peerDependenciesMeta:
    rollup:
      optional: true
  checksum: 10c0/6d58fbc6f1024eb4b087bc9bf59a1d655a8056a60c0b4021d3beaeec3f0743503f52467fd89d2cf0e7eccf2831feb40a05ad541a17637ea21ba10b21c2004deb
  languageName: node
  linkType: hard

"@types/estree@npm:^1.0.0":
  version: 1.0.7
  resolution: "@types/estree@npm:1.0.7"
  checksum: 10c0/be815254316882f7c40847336cd484c3bc1c3e34f710d197160d455dc9d6d050ffbf4c3bc76585dba86f737f020ab20bdb137ebe0e9116b0c86c7c0342221b8c
  languageName: node
  linkType: hard

"@types/resolve@npm:1.20.2":
  version: 1.20.2
  resolution: "@types/resolve@npm:1.20.2"
  checksum: 10c0/c5b7e1770feb5ccfb6802f6ad82a7b0d50874c99331e0c9b259e415e55a38d7a86ad0901c57665d93f75938be2a6a0bc9aa06c9749192cadb2e4512800bbc6e6
  languageName: node
  linkType: hard

"deepmerge@npm:^4.2.2":
  version: 4.3.1
  resolution: "deepmerge@npm:4.3.1"
  checksum: 10c0/e53481aaf1aa2c4082b5342be6b6d8ad9dfe387bc92ce197a66dea08bd4265904a087e75e464f14d1347cf2ac8afe1e4c16b266e0561cc5df29382d3c5f80044
  languageName: node
  linkType: hard

"estree-walker@npm:^2.0.2":
  version: 2.0.2
  resolution: "estree-walker@npm:2.0.2"
  checksum: 10c0/53a6c54e2019b8c914dc395890153ffdc2322781acf4bd7d1a32d7aedc1710807bdcd866ac133903d5629ec601fbb50abe8c2e5553c7f5a0afdd9b6af6c945af
  languageName: node
  linkType: hard

"flowbite-datepicker@npm:^1.3.0, flowbite-datepicker@npm:^1.3.1":
  version: 1.3.2
  resolution: "flowbite-datepicker@npm:1.3.2"
  dependencies:
    "@rollup/plugin-node-resolve": "npm:^15.2.3"
    flowbite: "npm:^2.0.0"
  checksum: 10c0/ea9aa41829aadcf7118ccc983035d069b5315c470de7a58c16a8b7a72e0521a220daa6a587dce1d6160f6fe1f2b5fe27e152e8a8ac052d689bbfec47d4d62ab7
  languageName: node
  linkType: hard

"flowbite@npm:^2.0.0":
  version: 2.5.2
  resolution: "flowbite@npm:2.5.2"
  dependencies:
    "@popperjs/core": "npm:^2.9.3"
    flowbite-datepicker: "npm:^1.3.0"
    mini-svg-data-uri: "npm:^1.4.3"
  checksum: 10c0/7de6311d4aef16b4854d88bab7943d59db16077a90a1da757fee06c70ef8bba8bb2579d3c5b3d5ceab85d9b9500b16d13eb4c55521f3a02989620f9a4ba3a2ed
  languageName: node
  linkType: hard

"flowbite@npm:^3.1.2":
  version: 3.1.2
  resolution: "flowbite@npm:3.1.2"
  dependencies:
    "@popperjs/core": "npm:^2.9.3"
    flowbite-datepicker: "npm:^1.3.1"
    mini-svg-data-uri: "npm:^1.4.3"
    postcss: "npm:^8.5.1"
  checksum: 10c0/5e617695162e8800f874281fe9ac205cbadc1c1413eccc760efb19c51bc6cfb337e3af70bfda6ed49b586b24e6af01a99b3a87c633688a77924516bc4d08795b
  languageName: node
  linkType: hard

"flowbite_importmaps_stimulus@workspace:.":
  version: 0.0.0-use.local
  resolution: "flowbite_importmaps_stimulus@workspace:."
  dependencies:
    flowbite: "npm:^3.1.2"
  languageName: unknown
  linkType: soft

"function-bind@npm:^1.1.2":
  version: 1.1.2
  resolution: "function-bind@npm:1.1.2"
  checksum: 10c0/d8680ee1e5fcd4c197e4ac33b2b4dce03c71f4d91717292785703db200f5c21f977c568d28061226f9b5900cbcd2c84463646134fd5337e7925e0942bc3f46d5
  languageName: node
  linkType: hard

"hasown@npm:^2.0.2":
  version: 2.0.2
  resolution: "hasown@npm:2.0.2"
  dependencies:
    function-bind: "npm:^1.1.2"
  checksum: 10c0/3769d434703b8ac66b209a4cca0737519925bbdb61dd887f93a16372b14694c63ff4e797686d87c90f08168e81082248b9b028bad60d4da9e0d1148766f56eb9
  languageName: node
  linkType: hard

"is-core-module@npm:^2.16.0":
  version: 2.16.1
  resolution: "is-core-module@npm:2.16.1"
  dependencies:
    hasown: "npm:^2.0.2"
  checksum: 10c0/898443c14780a577e807618aaae2b6f745c8538eca5c7bc11388a3f2dc6de82b9902bcc7eb74f07be672b11bbe82dd6a6edded44a00cb3d8f933d0459905eedd
  languageName: node
  linkType: hard

"is-module@npm:^1.0.0":
  version: 1.0.0
  resolution: "is-module@npm:1.0.0"
  checksum: 10c0/795a3914bcae7c26a1c23a1e5574c42eac13429625045737bf3e324ce865c0601d61aee7a5afbca1bee8cb300c7d9647e7dc98860c9bdbc3b7fdc51d8ac0bffc
  languageName: node
  linkType: hard

"mini-svg-data-uri@npm:^1.4.3":
  version: 1.4.4
  resolution: "mini-svg-data-uri@npm:1.4.4"
  bin:
    mini-svg-data-uri: cli.js
  checksum: 10c0/24545fa30b5a45449241bf19c25b8bc37594b63ec06401b3d563bd1c2e8a6abb7c18741f8b354e0064baa63c291be214154bf3a66f201ae71dfab3cc1a5e3191
  languageName: node
  linkType: hard

"nanoid@npm:^3.3.8":
  version: 3.3.11
  resolution: "nanoid@npm:3.3.11"
  bin:
    nanoid: bin/nanoid.cjs
  checksum: 10c0/40e7f70b3d15f725ca072dfc4f74e81fcf1fbb02e491cf58ac0c79093adc9b0a73b152bcde57df4b79cd097e13023d7504acb38404a4da7bc1cd8e887b82fe0b
  languageName: node
  linkType: hard

"path-parse@npm:^1.0.7":
  version: 1.0.7
  resolution: "path-parse@npm:1.0.7"
  checksum: 10c0/11ce261f9d294cc7a58d6a574b7f1b935842355ec66fba3c3fd79e0f036462eaf07d0aa95bb74ff432f9afef97ce1926c720988c6a7451d8a584930ae7de86e1
  languageName: node
  linkType: hard

"picocolors@npm:^1.1.1":
  version: 1.1.1
  resolution: "picocolors@npm:1.1.1"
  checksum: 10c0/e2e3e8170ab9d7c7421969adaa7e1b31434f789afb9b3f115f6b96d91945041ac3ceb02e9ec6fe6510ff036bcc0bf91e69a1772edc0b707e12b19c0f2d6bcf58
  languageName: node
  linkType: hard

"picomatch@npm:^4.0.2":
  version: 4.0.2
  resolution: "picomatch@npm:4.0.2"
  checksum: 10c0/7c51f3ad2bb42c776f49ebf964c644958158be30d0a510efd5a395e8d49cb5acfed5b82c0c5b365523ce18e6ab85013c9ebe574f60305892ec3fa8eee8304ccc
  languageName: node
  linkType: hard

"postcss@npm:^8.5.1":
  version: 8.5.3
  resolution: "postcss@npm:8.5.3"
  dependencies:
    nanoid: "npm:^3.3.8"
    picocolors: "npm:^1.1.1"
    source-map-js: "npm:^1.2.1"
  checksum: 10c0/b75510d7b28c3ab728c8733dd01538314a18c52af426f199a3c9177e63eb08602a3938bfb66b62dc01350b9aed62087eabbf229af97a1659eb8d3513cec823b3
  languageName: node
  linkType: hard

"resolve@npm:^1.22.1":
  version: 1.22.10
  resolution: "resolve@npm:1.22.10"
  dependencies:
    is-core-module: "npm:^2.16.0"
    path-parse: "npm:^1.0.7"
    supports-preserve-symlinks-flag: "npm:^1.0.0"
  bin:
    resolve: bin/resolve
  checksum: 10c0/8967e1f4e2cc40f79b7e080b4582b9a8c5ee36ffb46041dccb20e6461161adf69f843b43067b4a375de926a2cd669157e29a29578191def399dd5ef89a1b5203
  languageName: node
  linkType: hard

"resolve@patch:resolve@npm%3A^1.22.1#optional!builtin<compat/resolve>":
  version: 1.22.10
  resolution: "resolve@patch:resolve@npm%3A1.22.10#optional!builtin<compat/resolve>::version=1.22.10&hash=c3c19d"
  dependencies:
    is-core-module: "npm:^2.16.0"
    path-parse: "npm:^1.0.7"
    supports-preserve-symlinks-flag: "npm:^1.0.0"
  bin:
    resolve: bin/resolve
  checksum: 10c0/52a4e505bbfc7925ac8f4cd91fd8c4e096b6a89728b9f46861d3b405ac9a1ccf4dcbf8befb4e89a2e11370dacd0160918163885cbc669369590f2f31f4c58939
  languageName: node
  linkType: hard

"source-map-js@npm:^1.2.1":
  version: 1.2.1
  resolution: "source-map-js@npm:1.2.1"
  checksum: 10c0/7bda1fc4c197e3c6ff17de1b8b2c20e60af81b63a52cb32ec5a5d67a20a7d42651e2cb34ebe93833c5a2a084377e17455854fee3e21e7925c64a51b6a52b0faf
  languageName: node
  linkType: hard

"supports-preserve-symlinks-flag@npm:^1.0.0":
  version: 1.0.0
  resolution: "supports-preserve-symlinks-flag@npm:1.0.0"
  checksum: 10c0/6c4032340701a9950865f7ae8ef38578d8d7053f5e10518076e6554a9381fa91bd9c6850193695c141f32b21f979c985db07265a758867bac95de05f7d8aeb39
  languageName: node
  linkType: hard
